
Microsoft Visual Studio Solution File, Format Version 12.00
# Visual Studio Version 16
VisualStudioVersion = 16.0.28803.156
MinimumVisualStudioVersion = 10.0.40219.1
Project("{FAE04EC0-301F-11D3-BF4B-00C04F79EFBC}") = "YoctoCoreDemo", "YoctoCoreDemo\YoctoCoreDemo.csproj", "{A6E471CE-6D67-4C26-9832-649ADED4F827}"
EndProject
Global
	GlobalSection(SolutionConfigurationPlatforms) = preSolution
		Debug|Any CPU = Debug|Any CPU
		Release|Any CPU = Release|Any CPU
	EndGlobalSection
	GlobalSection(ProjectConfigurationPlatforms) = postSolution
		{A6E471CE-6D67-4C26-9832-649ADED4F827}.Debug|Any CPU.ActiveCfg = Debug|Any CPU
		{A6E471CE-6D67-4C26-9832-649ADED4F827}.Debug|Any CPU.Build.0 = Debug|Any CPU
		{A6E471CE-6D67-4C26-9832-649ADED4F827}.Release|Any CPU.ActiveCfg = Release|Any CPU
		{A6E471CE-6D67-4C26-9832-649ADED4F827}.Release|Any CPU.Build.0 = Release|Any CPU
	EndGlobalSection
	GlobalSection(SolutionProperties) = preSolution
		HideSolutionNode = FALSE
	EndGlobalSection
	GlobalSection(ExtensibilityGlobals) = postSolution
		SolutionGuid = {2AF32004-4965-462B-A997-F973754D7D11}
	EndGlobalSection
EndGlobal
